
Microsoft Visual Studio Solution File, Format Version 12.00
# Visual Studio Version 17
VisualStudioVersion = 17.14.36414.22 d17.14
MinimumVisualStudioVersion = 10.0.40219.1
Project("{FAE04EC0-301F-11D3-BF4B-00C04F79EFBC}") = "TempoOutlookSync", "TempoOutlookSync\TempoOutlookSync.csproj", "{AD6720F1-2D3A-466B-ABC1-1CAB8FA07FC9}"
EndProject
Global
	GlobalSection(SolutionConfigurationPlatforms) = preSolution
		Debug|Any CPU = Debug|Any CPU
		Release|Any CPU = Release|Any CPU
	EndGlobalSection
	GlobalSection(ProjectConfigurationPlatforms) = postSolution
		{AD6720F1-2D3A-466B-ABC1-1CAB8FA07FC9}.Debug|Any CPU.ActiveCfg = Debug|Any CPU
		{AD6720F1-2D3A-466B-ABC1-1CAB8FA07FC9}.Debug|Any CPU.Build.0 = Debug|Any CPU
		{AD6720F1-2D3A-466B-ABC1-1CAB8FA07FC9}.Release|Any CPU.ActiveCfg = Release|Any CPU
		{AD6720F1-2D3A-466B-ABC1-1CAB8FA07FC9}.Release|Any CPU.Build.0 = Release|Any CPU
	EndGlobalSection
	GlobalSection(SolutionProperties) = preSolution
		HideSolutionNode = FALSE
	EndGlobalSection
	GlobalSection(ExtensibilityGlobals) = postSolution
		SolutionGuid = {70086E39-33F7-4897-ABEE-1DF2F7E6C3E3}
	EndGlobalSection
EndGlobal
